{
  "name": "simondice",
  "version": "1.0.0",
  "lockfileVersion": 1,
  "requires": true,
  "dependencies": {
    "bootstrap": {
      "version": "4.4.1",
      "resolved": "https://registry.npmjs.org/bootstrap/-/bootstrap-4.4.1.tgz",
      "integrity": "sha512-tbx5cHubwE6e2ZG7nqM3g/FZ5PQEDMWmMGNrCUBVRPHXTJaH7CBDdsLeu3eCh3B1tzAxTnAbtmrzvWEvT2NNEA=="
    },
    "sweetalert2": {
      "version": "9.5.4",
      "resolved": "https://registry.npmjs.org/sweetalert2/-/sweetalert2-9.5.4.tgz",
      "integrity": "sha512-9FSmW9mCbRTHyx6Nbtgeb5348pJYNGaBafn3reKe/Zx/gOBgxsRVHj3GQ4VusU/tuqDobKAIHUdUvNdsU3MXPQ=="
    }
  }
}
